
Microsoft Visual Studio Solution File, Format Version 12.00
# Visual Studio Version 16
VisualStudioVersion = 16.0.32929.386
MinimumVisualStudioVersion = 10.0.40219.1
Project("{FAE04EC0-301F-11D3-BF4B-00C04F79EFBC}") = "test1", "test1\test1.csproj", "{2585532A-AAEA-4C4E-A0AB-952D0623BF22}"
EndProject
Global
	GlobalSection(SolutionConfigurationPlatforms) = preSolution
		Debug|Any CPU = Debug|Any CPU
		Release|Any CPU = Release|Any CPU
	EndGlobalSection
	GlobalSection(ProjectConfigurationPlatforms) = postSolution
		{2585532A-AAEA-4C4E-A0AB-952D0623BF22}.Debug|Any CPU.ActiveCfg = Debug|Any CPU
		{2585532A-AAEA-4C4E-A0AB-952D0623BF22}.Debug|Any CPU.Build.0 = Debug|Any CPU
		{2585532A-AAEA-4C4E-A0AB-952D0623BF22}.Release|Any CPU.ActiveCfg = Release|Any CPU
		{2585532A-AAEA-4C4E-A0AB-952D0623BF22}.Release|Any CPU.Build.0 = Release|Any CPU
	EndGlobalSection
	GlobalSection(SolutionProperties) = preSolution
		HideSolutionNode = FALSE
	EndGlobalSection
	GlobalSection(ExtensibilityGlobals) = postSolution
		SolutionGuid = {C25591E2-9534-4239-82F2-8DFBE192D8EE}
	EndGlobalSection
EndGlobal
